
Microsoft Visual Studio Solution File, Format Version 12.00
# Visual Studio Version 16
VisualStudioVersion = 16.0.34031.81
MinimumVisualStudioVersion = 10.0.40219.1
Project("{2150E333-8FDC-42A3-9474-1A3956D46DE8}") = "Task0", "Task0", "{F601CCFC-5B25-4199-A263-9F4B625CBBDC}"
EndProject
Project("{FAE04EC0-301F-11D3-BF4B-00C04F79EFBC}") = "Tyuiu.NovruzovaMR.Sprint1.Task0.V21", "Tyuiu.NovruzovaMR.Sprint1.Task0.V0\Tyuiu.NovruzovaMR.Sprint1.Task0.V21.csproj", "{14CA11BA-427E-4D80-BAE4-382EBC06D5F2}"
EndProject
Project("{FAE04EC0-301F-11D3-BF4B-00C04F79EFBC}") = "Tyuiu.NovruzovaMR.Sprint1.Task0.V21.Lib", "Tyuiu.NovruzovaMR.Sprint1.Task0.V0.Lib\Tyuiu.NovruzovaMR.Sprint1.Task0.V21.Lib.csproj", "{ECE17FCD-E223-4541-A32E-D7EC73810892}"
EndProject
Project("{FAE04EC0-301F-11D3-BF4B-00C04F79EFBC}") = "Tyuiu.NovruzovaMR.Sprint1.Task0.V21.Test", "Tyuiu.NovruzovaMR.Sprint1.Task0.V0.Test\Tyuiu.NovruzovaMR.Sprint1.Task0.V21.Test.csproj", "{5BD835EB-5D21-46B9-9C8C-9DA6690FBD7F}"
EndProject
Project("{2150E333-8FDC-42A3-9474-1A3956D46DE8}") = "Task1", "Task1", "{F5859BCF-2D10-4357-819D-5C0FEC0290D1}"
EndProject
Project("{FAE04EC0-301F-11D3-BF4B-00C04F79EFBC}") = "Tyuiu.NovruzovaMR.Sprint1.Task1.V3", "Tyuiu.NovruzovaMR.Sprint1.Task0.V3\Tyuiu.NovruzovaMR.Sprint1.Task1.V3.csproj", "{CE7996B5-FFF7-4DD2-9847-6241740BBAED}"
EndProject
Project("{FAE04EC0-301F-11D3-BF4B-00C04F79EFBC}") = "Tyuiu.NovruzovaMR.Sprint1.Task1.V3.Lib", "Tyuiu.NovruzovaMR.Sprint1.Task0.V3.Lib\Tyuiu.NovruzovaMR.Sprint1.Task1.V3.Lib.csproj", "{3768CB43-8029-42F0-8BA1-D21C68466F2A}"
EndProject
Project("{FAE04EC0-301F-11D3-BF4B-00C04F79EFBC}") = "Tyuiu.NovruzovaMR.Sprint1.Task1.V3.Test", "Tyuiu.NovruzovaMR.Sprint1.Task1.V3.Test\Tyuiu.NovruzovaMR.Sprint1.Task1.V3.Test.csproj", "{58FFC1EA-8FEE-42F6-AC70-77F691F430F8}"
EndProject
Project("{2150E333-8FDC-42A3-9474-1A3956D46DE8}") = "Task2", "Task2", "{135A1A33-4FED-4EE6-A3D8-B12FB4801E93}"
EndProject
Project("{FAE04EC0-301F-11D3-BF4B-00C04F79EFBC}") = "Tyuiu.NovruzovaMR.Sprint1.Task2.V28", "Tyuiu.NovruzovaMR.Sprint1.Task2.V28\Tyuiu.NovruzovaMR.Sprint1.Task2.V28.csproj", "{3F7994A8-01B9-4A77-A55E-2C01D94D3970}"
EndProject
Project("{FAE04EC0-301F-11D3-BF4B-00C04F79EFBC}") = "Tyuiu.NovruzovaMR.Sprint1.Task2.V28.Lib", "Tyuiu.NovruzovaMR.Sprint1.Task2.V28.Lib\Tyuiu.NovruzovaMR.Sprint1.Task2.V28.Lib.csproj", "{4416F4E2-0168-471B-A0D1-767C72201938}"
EndProject
Project("{FAE04EC0-301F-11D3-BF4B-00C04F79EFBC}") = "Tyuiu.NovruzovaMR.Sprint1.Task2.V28.Test", "Tyuiu.NovruzovaMR.Sprint1.Task2.V28.Test\Tyuiu.NovruzovaMR.Sprint1.Task2.V28.Test.csproj", "{B34D265E-13F7-4813-83D1-60A31F09AC6E}"
EndProject
Project("{2150E333-8FDC-42A3-9474-1A3956D46DE8}") = "Task3", "Task3", "{69170F71-D4E8-46C4-B0B9-3C8C4ED937E2}"
EndProject
Project("{FAE04EC0-301F-11D3-BF4B-00C04F79EFBC}") = "Tyuiu.NovruzovaMR.Sprint1.Task3.V17", "Tyuiu.NovruzovaMR.Sprint1.Task3.V17\Tyuiu.NovruzovaMR.Sprint1.Task3.V17.csproj", "{3C3C6C24-3781-48EE-82C5-376602EB2848}"
EndProject
Project("{FAE04EC0-301F-11D3-BF4B-00C04F79EFBC}") = "Tyuiu.NovruzovaMR.Sprint1.Task3.V17.Lib", "Tyuiu.NovruzovaMR.Sprint1.Task3.V17.Lib\Tyuiu.NovruzovaMR.Sprint1.Task3.V17.Lib.csproj", "{7DEB47F1-977C-4C15-8AD1-35FC3C1730D3}"
EndProject
Project("{FAE04EC0-301F-11D3-BF4B-00C04F79EFBC}") = "Tyuiu.NovruzovaMR.Sprint1.Task3.V17.Test", "Tyuiu.NovruzovaMR.Sprint1.Task3.V17.Test\Tyuiu.NovruzovaMR.Sprint1.Task3.V17.Test.csproj", "{CB40CD7C-6185-4E26-95A6-EA2DD22B0C58}"
EndProject
Global
	GlobalSection(SolutionConfigurationPlatforms) = preSolution
		Debug|Any CPU = Debug|Any CPU
		Release|Any CPU = Release|Any CPU
	EndGlobalSection
	GlobalSection(ProjectConfigurationPlatforms) = postSolution
		{14CA11BA-427E-4D80-BAE4-382EBC06D5F2}.Debug|Any CPU.ActiveCfg = Debug|Any CPU
		{14CA11BA-427E-4D80-BAE4-382EBC06D5F2}.Debug|Any CPU.Build.0 = Debug|Any CPU
		{14CA11BA-427E-4D80-BAE4-382EBC06D5F2}.Release|Any CPU.ActiveCfg = Release|Any CPU
		{14CA11BA-427E-4D80-BAE4-382EBC06D5F2}.Release|Any CPU.Build.0 = Release|Any CPU
		{ECE17FCD-E223-4541-A32E-D7EC73810892}.Debug|Any CPU.ActiveCfg = Debug|Any CPU
		{ECE17FCD-E223-4541-A32E-D7EC73810892}.Debug|Any CPU.Build.0 = Debug|Any CPU
		{ECE17FCD-E223-4541-A32E-D7EC73810892}.Release|Any CPU.ActiveCfg = Release|Any CPU
		{ECE17FCD-E223-4541-A32E-D7EC73810892}.Release|Any CPU.Build.0 = Release|Any CPU
		{5BD835EB-5D21-46B9-9C8C-9DA6690FBD7F}.Debug|Any CPU.ActiveCfg = Debug|Any CPU
		{5BD835EB-5D21-46B9-9C8C-9DA6690FBD7F}.Debug|Any CPU.Build.0 = Debug|Any CPU
		{5BD835EB-5D21-46B9-9C8C-9DA6690FBD7F}.Release|Any CPU.ActiveCfg = Release|Any CPU
		{5BD835EB-5D21-46B9-9C8C-9DA6690FBD7F}.Release|Any CPU.Build.0 = Release|Any CPU
		{CE7996B5-FFF7-4DD2-9847-6241740BBAED}.Debug|Any CPU.ActiveCfg = Debug|Any CPU
		{CE7996B5-FFF7-4DD2-9847-6241740BBAED}.Debug|Any CPU.Build.0 = Debug|Any CPU
		{CE7996B5-FFF7-4DD2-9847-6241740BBAED}.Release|Any CPU.ActiveCfg = Release|Any CPU
		{CE7996B5-FFF7-4DD2-9847-6241740BBAED}.Release|Any CPU.Build.0 = Release|Any CPU
		{3768CB43-8029-42F0-8BA1-D21C68466F2A}.Debug|Any CPU.ActiveCfg = Debug|Any CPU
		{3768CB43-8029-42F0-8BA1-D21C68466F2A}.Debug|Any CPU.Build.0 = Debug|Any CPU
		{3768CB43-8029-42F0-8BA1-D21C68466F2A}.Release|Any CPU.ActiveCfg = Release|Any CPU
		{3768CB43-8029-42F0-8BA1-D21C68466F2A}.Release|Any CPU.Build.0 = Release|Any CPU
		{58FFC1EA-8FEE-42F6-AC70-77F691F430F8}.Debug|Any CPU.ActiveCfg = Debug|Any CPU
		{58FFC1EA-8FEE-42F6-AC70-77F691F430F8}.Debug|Any CPU.Build.0 = Debug|Any CPU
		{58FFC1EA-8FEE-42F6-AC70-77F691F430F8}.Release|Any CPU.ActiveCfg = Release|Any CPU
		{58FFC1EA-8FEE-42F6-AC70-77F691F430F8}.Release|Any CPU.Build.0 = Release|Any CPU
		{3F7994A8-01B9-4A77-A55E-2C01D94D3970}.Debug|Any CPU.ActiveCfg = Debug|Any CPU
		{3F7994A8-01B9-4A77-A55E-2C01D94D3970}.Debug|Any CPU.Build.0 = Debug|Any CPU
		{3F7994A8-01B9-4A77-A55E-2C01D94D3970}.Release|Any CPU.ActiveCfg = Release|Any CPU
		{3F7994A8-01B9-4A77-A55E-2C01D94D3970}.Release|Any CPU.Build.0 = Release|Any CPU
		{4416F4E2-0168-471B-A0D1-767C72201938}.Debug|Any CPU.ActiveCfg = Debug|Any CPU
		{4416F4E2-0168-471B-A0D1-767C72201938}.Debug|Any CPU.Build.0 = Debug|Any CPU
		{4416F4E2-0168-471B-A0D1-767C72201938}.Release|Any CPU.ActiveCfg = Release|Any CPU
		{4416F4E2-0168-471B-A0D1-767C72201938}.Release|Any CPU.Build.0 = Release|Any CPU
		{B34D265E-13F7-4813-83D1-60A31F09AC6E}.Debug|Any CPU.ActiveCfg = Debug|Any CPU
		{B34D265E-13F7-4813-83D1-60A31F09AC6E}.Debug|Any CPU.Build.0 = Debug|Any CPU
		{B34D265E-13F7-4813-83D1-60A31F09AC6E}.Release|Any CPU.ActiveCfg = Release|Any CPU
		{B34D265E-13F7-4813-83D1-60A31F09AC6E}.Release|Any CPU.Build.0 = Release|Any CPU
		{3C3C6C24-3781-48EE-82C5-376602EB2848}.Debug|Any CPU.ActiveCfg = Debug|Any CPU
		{3C3C6C24-3781-48EE-82C5-376602EB2848}.Debug|Any CPU.Build.0 = Debug|Any CPU
		{3C3C6C24-3781-48EE-82C5-376602EB2848}.Release|Any CPU.ActiveCfg = Release|Any CPU
		{3C3C6C24-3781-48EE-82C5-376602EB2848}.Release|Any CPU.Build.0 = Release|Any CPU
		{7DEB47F1-977C-4C15-8AD1-35FC3C1730D3}.Debug|Any CPU.ActiveCfg = Debug|Any CPU
		{7DEB47F1-977C-4C15-8AD1-35FC3C1730D3}.Debug|Any CPU.Build.0 = Debug|Any CPU
		{7DEB47F1-977C-4C15-8AD1-35FC3C1730D3}.Release|Any CPU.ActiveCfg = Release|Any CPU
		{7DEB47F1-977C-4C15-8AD1-35FC3C1730D3}.Release|Any CPU.Build.0 = Release|Any CPU
		{CB40CD7C-6185-4E26-95A6-EA2DD22B0C58}.Debug|Any CPU.ActiveCfg = Debug|Any CPU
		{CB40CD7C-6185-4E26-95A6-EA2DD22B0C58}.Debug|Any CPU.Build.0 = Debug|Any CPU
		{CB40CD7C-6185-4E26-95A6-EA2DD22B0C58}.Release|Any CPU.ActiveCfg = Release|Any CPU
		{CB40CD7C-6185-4E26-95A6-EA2DD22B0C58}.Release|Any CPU.Build.0 = Release|Any CPU
	EndGlobalSection
	GlobalSection(SolutionProperties) = preSolution
		HideSolutionNode = FALSE
	EndGlobalSection
	GlobalSection(NestedProjects) = preSolution
		{14CA11BA-427E-4D80-BAE4-382EBC06D5F2} = {F601CCFC-5B25-4199-A263-9F4B625CBBDC}
		{ECE17FCD-E223-4541-A32E-D7EC73810892} = {F601CCFC-5B25-4199-A263-9F4B625CBBDC}
		{5BD835EB-5D21-46B9-9C8C-9DA6690FBD7F} = {F601CCFC-5B25-4199-A263-9F4B625CBBDC}
		{CE7996B5-FFF7-4DD2-9847-6241740BBAED} = {F5859BCF-2D10-4357-819D-5C0FEC0290D1}
		{3768CB43-8029-42F0-8BA1-D21C68466F2A} = {F5859BCF-2D10-4357-819D-5C0FEC0290D1}
		{58FFC1EA-8FEE-42F6-AC70-77F691F430F8} = {F5859BCF-2D10-4357-819D-5C0FEC0290D1}
		{3F7994A8-01B9-4A77-A55E-2C01D94D3970} = {135A1A33-4FED-4EE6-A3D8-B12FB4801E93}
		{4416F4E2-0168-471B-A0D1-767C72201938} = {135A1A33-4FED-4EE6-A3D8-B12FB4801E93}
		{B34D265E-13F7-4813-83D1-60A31F09AC6E} = {135A1A33-4FED-4EE6-A3D8-B12FB4801E93}
		{3C3C6C24-3781-48EE-82C5-376602EB2848} = {69170F71-D4E8-46C4-B0B9-3C8C4ED937E2}
		{7DEB47F1-977C-4C15-8AD1-35FC3C1730D3} = {69170F71-D4E8-46C4-B0B9-3C8C4ED937E2}
		{CB40CD7C-6185-4E26-95A6-EA2DD22B0C58} = {69170F71-D4E8-46C4-B0B9-3C8C4ED937E2}
	EndGlobalSection
	GlobalSection(ExtensibilityGlobals) = postSolution
		SolutionGuid = {858AE1AE-D3D7-4C6C-8493-B6608B08C57C}
	EndGlobalSection
EndGlobal
